
Microsoft Visual Studio Solution File, Format Version 12.00
# Visual Studio Version 17
VisualStudioVersion = 17.0.31611.283
MinimumVisualStudioVersion = 10.0.40219.1
Project("{9A19103F-16F7-4668-BE54-9A1E7A4F7556}") = "TheGreatList", "TheGreatList\TheGreatList.csproj", "{05E49A75-2F22-4864-A469-C2842E2FE67B}"
EndProject
Project("{9A19103F-16F7-4668-BE54-9A1E7A4F7556}") = "TglApi", "TglApi\TglApi.csproj", "{7758E6D2-5F6A-40C8-A74A-74B64CE26D26}"
EndProject
Project("{9A19103F-16F7-4668-BE54-9A1E7A4F7556}") = "TheGreatTesting", "TheGreatTesting\TheGreatTesting.csproj", "{46D95AAE-7236-4C81-9ABD-D0500F086283}"
EndProject
Global
	GlobalSection(SolutionConfigurationPlatforms) = preSolution
		Debug|Any CPU = Debug|Any CPU
		Release|Any CPU = Release|Any CPU
	EndGlobalSection
	GlobalSection(ProjectConfigurationPlatforms) = postSolution
		{05E49A75-2F22-4864-A469-C2842E2FE67B}.Debug|Any CPU.ActiveCfg = Debug|Any CPU
		{05E49A75-2F22-4864-A469-C2842E2FE67B}.Debug|Any CPU.Build.0 = Debug|Any CPU
		{05E49A75-2F22-4864-A469-C2842E2FE67B}.Debug|Any CPU.Deploy.0 = Debug|Any CPU
		{05E49A75-2F22-4864-A469-C2842E2FE67B}.Release|Any CPU.ActiveCfg = Release|Any CPU
		{05E49A75-2F22-4864-A469-C2842E2FE67B}.Release|Any CPU.Build.0 = Release|Any CPU
		{05E49A75-2F22-4864-A469-C2842E2FE67B}.Release|Any CPU.Deploy.0 = Release|Any CPU
		{7758E6D2-5F6A-40C8-A74A-74B64CE26D26}.Debug|Any CPU.ActiveCfg = Debug|Any CPU
		{7758E6D2-5F6A-40C8-A74A-74B64CE26D26}.Debug|Any CPU.Build.0 = Debug|Any CPU
		{7758E6D2-5F6A-40C8-A74A-74B64CE26D26}.Release|Any CPU.ActiveCfg = Release|Any CPU
		{7758E6D2-5F6A-40C8-A74A-74B64CE26D26}.Release|Any CPU.Build.0 = Release|Any CPU
		{46D95AAE-7236-4C81-9ABD-D0500F086283}.Debug|Any CPU.ActiveCfg = Debug|Any CPU
		{46D95AAE-7236-4C81-9ABD-D0500F086283}.Debug|Any CPU.Build.0 = Debug|Any CPU
		{46D95AAE-7236-4C81-9ABD-D0500F086283}.Release|Any CPU.ActiveCfg = Release|Any CPU
		{46D95AAE-7236-4C81-9ABD-D0500F086283}.Release|Any CPU.Build.0 = Release|Any CPU
	EndGlobalSection
	GlobalSection(SolutionProperties) = preSolution
		HideSolutionNode = FALSE
	EndGlobalSection
	GlobalSection(ExtensibilityGlobals) = postSolution
		SolutionGuid = {61F7FB11-1E47-470C-91E2-47F8143E1572}
	EndGlobalSection
EndGlobal
